
Microsoft Visual Studio Solution File, Format Version 12.00
# Visual Studio 15
VisualStudioVersion = 15.0.27703.2035
MinimumVisualStudioVersion = 10.0.40219.1
Project("{8BC9CEB8-8B4A-11D0-8D11-00A0C91BC942}") = "1003", "1003\1003.vcxproj", "{928C0E50-5EC5-41D1-B3F9-A44C7FB37A91}"
EndProject
Project("{8BC9CEB8-8B4A-11D0-8D11-00A0C91BC942}") = "1004", "1004\1004.vcxproj", "{B89B9C42-1EA6-4300-89F5-515937AE729F}"
EndProject
Project("{8BC9CEB8-8B4A-11D0-8D11-00A0C91BC942}") = "1005", "1005\1005.vcxproj", "{389C27FC-3CAC-42A7-8484-46D2EA19A9CE}"
EndProject
Project("{8BC9CEB8-8B4A-11D0-8D11-00A0C91BC942}") = "1207", "1207\1207.vcxproj", "{F5D3A572-3531-46DD-9341-1C3C076A966B}"
EndProject
Project("{8BC9CEB8-8B4A-11D0-8D11-00A0C91BC942}") = "1018", "1018.cpp\1018.cpp.vcxproj", "{8E477E49-87B2-4307-A6CC-98E424380902}"
EndProject
Global
	GlobalSection(SolutionConfigurationPlatforms) = preSolution
		Debug|x64 = Debug|x64
		Debug|x86 = Debug|x86
		Release|x64 = Release|x64
		Release|x86 = Release|x86
	EndGlobalSection
	GlobalSection(ProjectConfigurationPlatforms) = postSolution
		{928C0E50-5EC5-41D1-B3F9-A44C7FB37A91}.Debug|x64.ActiveCfg = Debug|x64
		{928C0E50-5EC5-41D1-B3F9-A44C7FB37A91}.Debug|x64.Build.0 = Debug|x64
		{928C0E50-5EC5-41D1-B3F9-A44C7FB37A91}.Debug|x86.ActiveCfg = Debug|Win32
		{928C0E50-5EC5-41D1-B3F9-A44C7FB37A91}.Debug|x86.Build.0 = Debug|Win32
		{928C0E50-5EC5-41D1-B3F9-A44C7FB37A91}.Release|x64.ActiveCfg = Release|x64
		{928C0E50-5EC5-41D1-B3F9-A44C7FB37A91}.Release|x64.Build.0 = Release|x64
		{928C0E50-5EC5-41D1-B3F9-A44C7FB37A91}.Release|x86.ActiveCfg = Release|Win32
		{928C0E50-5EC5-41D1-B3F9-A44C7FB37A91}.Release|x86.Build.0 = Release|Win32
		{B89B9C42-1EA6-4300-89F5-515937AE729F}.Debug|x64.ActiveCfg = Debug|x64
		{B89B9C42-1EA6-4300-89F5-515937AE729F}.Debug|x64.Build.0 = Debug|x64
		{B89B9C42-1EA6-4300-89F5-515937AE729F}.Debug|x86.ActiveCfg = Debug|Win32
		{B89B9C42-1EA6-4300-89F5-515937AE729F}.Debug|x86.Build.0 = Debug|Win32
		{B89B9C42-1EA6-4300-89F5-515937AE729F}.Release|x64.ActiveCfg = Release|x64
		{B89B9C42-1EA6-4300-89F5-515937AE729F}.Release|x64.Build.0 = Release|x64
		{B89B9C42-1EA6-4300-89F5-515937AE729F}.Release|x86.ActiveCfg = Release|Win32
		{B89B9C42-1EA6-4300-89F5-515937AE729F}.Release|x86.Build.0 = Release|Win32
		{389C27FC-3CAC-42A7-8484-46D2EA19A9CE}.Debug|x64.ActiveCfg = Debug|x64
		{389C27FC-3CAC-42A7-8484-46D2EA19A9CE}.Debug|x64.Build.0 = Debug|x64
		{389C27FC-3CAC-42A7-8484-46D2EA19A9CE}.Debug|x86.ActiveCfg = Debug|Win32
		{389C27FC-3CAC-42A7-8484-46D2EA19A9CE}.Debug|x86.Build.0 = Debug|Win32
		{389C27FC-3CAC-42A7-8484-46D2EA19A9CE}.Release|x64.ActiveCfg = Release|x64
		{389C27FC-3CAC-42A7-8484-46D2EA19A9CE}.Release|x64.Build.0 = Release|x64
		{389C27FC-3CAC-42A7-8484-46D2EA19A9CE}.Release|x86.ActiveCfg = Release|Win32
		{389C27FC-3CAC-42A7-8484-46D2EA19A9CE}.Release|x86.Build.0 = Release|Win32
		{F5D3A572-3531-46DD-9341-1C3C076A966B}.Debug|x64.ActiveCfg = Debug|x64
		{F5D3A572-3531-46DD-9341-1C3C076A966B}.Debug|x64.Build.0 = Debug|x64
		{F5D3A572-3531-46DD-9341-1C3C076A966B}.Debug|x86.ActiveCfg = Debug|Win32
		{F5D3A572-3531-46DD-9341-1C3C076A966B}.Debug|x86.Build.0 = Debug|Win32
		{F5D3A572-3531-46DD-9341-1C3C076A966B}.Release|x64.ActiveCfg = Release|x64
		{F5D3A572-3531-46DD-9341-1C3C076A966B}.Release|x64.Build.0 = Release|x64
		{F5D3A572-3531-46DD-9341-1C3C076A966B}.Release|x86.ActiveCfg = Release|Win32
		{F5D3A572-3531-46DD-9341-1C3C076A966B}.Release|x86.Build.0 = Release|Win32
		{8E477E49-87B2-4307-A6CC-98E424380902}.Debug|x64.ActiveCfg = Debug|x64
		{8E477E49-87B2-4307-A6CC-98E424380902}.Debug|x64.Build.0 = Debug|x64
		{8E477E49-87B2-4307-A6CC-98E424380902}.Debug|x86.ActiveCfg = Debug|Win32
		{8E477E49-87B2-4307-A6CC-98E424380902}.Debug|x86.Build.0 = Debug|Win32
		{8E477E49-87B2-4307-A6CC-98E424380902}.Release|x64.ActiveCfg = Release|x64
		{8E477E49-87B2-4307-A6CC-98E424380902}.Release|x64.Build.0 = Release|x64
		{8E477E49-87B2-4307-A6CC-98E424380902}.Release|x86.ActiveCfg = Release|Win32
		{8E477E49-87B2-4307-A6CC-98E424380902}.Release|x86.Build.0 = Release|Win32
	EndGlobalSection
	GlobalSection(SolutionProperties) = preSolution
		HideSolutionNode = FALSE
	EndGlobalSection
	GlobalSection(ExtensibilityGlobals) = postSolution
		SolutionGuid = {54C5012D-18AC-4528-BCD6-94858833EADF}
	EndGlobalSection
EndGlobal
